
Microsoft Visual Studio Solution File, Format Version 12.00
# Visual Studio Version 17
VisualStudioVersion = 17.4.33110.190
MinimumVisualStudioVersion = 10.0.40219.1
Project("{FAE04EC0-301F-11D3-BF4B-00C04F79EFBC}") = "EasySafeChat", "EasySafeChat.csproj", "{3B392246-3D4A-4AC2-B3B7-53EEC51482E7}"
EndProject
Global
	GlobalSection(SolutionConfigurationPlatforms) = preSolution
		Debug|Any CPU = Debug|Any CPU
		Release|Any CPU = Release|Any CPU
	EndGlobalSection
	GlobalSection(ProjectConfigurationPlatforms) = postSolution
		{3B392246-3D4A-4AC2-B3B7-53EEC51482E7}.Debug|Any CPU.ActiveCfg = Debug|Any CPU
		{3B392246-3D4A-4AC2-B3B7-53EEC51482E7}.Debug|Any CPU.Build.0 = Debug|Any CPU
		{3B392246-3D4A-4AC2-B3B7-53EEC51482E7}.Release|Any CPU.ActiveCfg = Release|Any CPU
		{3B392246-3D4A-4AC2-B3B7-53EEC51482E7}.Release|Any CPU.Build.0 = Release|Any CPU
	EndGlobalSection
	GlobalSection(SolutionProperties) = preSolution
		HideSolutionNode = FALSE
	EndGlobalSection
	GlobalSection(ExtensibilityGlobals) = postSolution
		SolutionGuid = {1A4E6F33-C6F7-4E4D-9920-D3BD5D4041A9}
	EndGlobalSection
EndGlobal
